
Microsoft Visual Studio Solution File, Format Version 12.00
# Visual Studio 15
VisualStudioVersion = 15.0.27703.2000
MinimumVisualStudioVersion = 10.0.40219.1
Project("{FAE04EC0-301F-11D3-BF4B-00C04F79EFBC}") = "M1-MineSweeper", "M1-MineSweeper\M1-MineSweeper.csproj", "{1B39A86E-941B-44CB-B8F6-48D4999AA579}"
EndProject
Global
	GlobalSection(SolutionConfigurationPlatforms) = preSolution
		Debug|Any CPU = Debug|Any CPU
		Release|Any CPU = Release|Any CPU
	EndGlobalSection
	GlobalSection(ProjectConfigurationPlatforms) = postSolution
		{1B39A86E-941B-44CB-B8F6-48D4999AA579}.Debug|Any CPU.ActiveCfg = Debug|Any CPU
		{1B39A86E-941B-44CB-B8F6-48D4999AA579}.Debug|Any CPU.Build.0 = Debug|Any CPU
		{1B39A86E-941B-44CB-B8F6-48D4999AA579}.Release|Any CPU.ActiveCfg = Release|Any CPU
		{1B39A86E-941B-44CB-B8F6-48D4999AA579}.Release|Any CPU.Build.0 = Release|Any CPU
	EndGlobalSection
	GlobalSection(SolutionProperties) = preSolution
		HideSolutionNode = FALSE
	EndGlobalSection
	GlobalSection(ExtensibilityGlobals) = postSolution
		SolutionGuid = {EF30317A-C322-4786-B270-F1E92D101736}
	EndGlobalSection
EndGlobal
